# Generated by buf. DO NOT EDIT.
version: v2
deps:
  - name: buf.build/bufbuild/protovalidate
    commit: a6c49f84cc0f4e038680d390392e2ab0
    digest: b5:e968392e88ff7915adcbd1635d670b45bff8836ec2415d81fc559ca5470a695dbdc30030bad8bc5764647c731079e9e7bba0023ea25c4e4a1672a7d2561d4a19
  - name: buf.build/pluginrpc/pluginrpc
    commit: fe6866f2f15c4402b9e7c0644abf54af
    digest: b5:2b5d01b72819d116755f27f08048ff97a2aab106cd4b12c6b60d31000f8a94830de4eac662c4b58123f1eebfc4005c6fa70cca82a29f425e8d6793e4e6bc81fd
